
Microsoft Visual Studio Solution File, Format Version 12.00
# Visual Studio Version 17
VisualStudioVersion = 17.0.31903.59
MinimumVisualStudioVersion = 10.0.40219.1
Project("{FAE04EC0-301F-11D3-BF4B-00C04F79EFBC}") = "jot", "jot\jot.csproj", "{A0B8D1BB-A1D6-430F-BAB1-B821878A1D1C}"
EndProject
Project("{FAE04EC0-301F-11D3-BF4B-00C04F79EFBC}") = "Figment.Common", "Figment.Common\Figment.Common.csproj", "{23C67654-3E0A-4749-B6E5-94A15F9733B8}"
EndProject
Project("{FAE04EC0-301F-11D3-BF4B-00C04F79EFBC}") = "Figment.Test", "Figment.Test\Figment.Test.csproj", "{B6C43E31-2F1A-427A-8B58-3280F209F674}"
EndProject
Project("{FAE04EC0-301F-11D3-BF4B-00C04F79EFBC}") = "Figment.Data.Local", "Figment.Data.Local\Figment.Data.Local.csproj", "{42943423-F156-414E-A328-CC5D78C42148}"
EndProject
Project("{FAE04EC0-301F-11D3-BF4B-00C04F79EFBC}") = "Figment.Data.Memory", "Figment.Data.Memory\Figment.Data.Memory.csproj", "{8BBF5F13-08F4-4347-A9A4-A832A37FDA03}"
EndProject
Global
	GlobalSection(SolutionConfigurationPlatforms) = preSolution
		Debug|Any CPU = Debug|Any CPU
		Release|Any CPU = Release|Any CPU
	EndGlobalSection
	GlobalSection(SolutionProperties) = preSolution
		HideSolutionNode = FALSE
	EndGlobalSection
	GlobalSection(ProjectConfigurationPlatforms) = postSolution
		{A0B8D1BB-A1D6-430F-BAB1-B821878A1D1C}.Debug|Any CPU.ActiveCfg = Debug|Any CPU
		{A0B8D1BB-A1D6-430F-BAB1-B821878A1D1C}.Debug|Any CPU.Build.0 = Debug|Any CPU
		{A0B8D1BB-A1D6-430F-BAB1-B821878A1D1C}.Release|Any CPU.ActiveCfg = Release|Any CPU
		{A0B8D1BB-A1D6-430F-BAB1-B821878A1D1C}.Release|Any CPU.Build.0 = Release|Any CPU
		{23C67654-3E0A-4749-B6E5-94A15F9733B8}.Debug|Any CPU.ActiveCfg = Debug|Any CPU
		{23C67654-3E0A-4749-B6E5-94A15F9733B8}.Debug|Any CPU.Build.0 = Debug|Any CPU
		{23C67654-3E0A-4749-B6E5-94A15F9733B8}.Release|Any CPU.ActiveCfg = Release|Any CPU
		{23C67654-3E0A-4749-B6E5-94A15F9733B8}.Release|Any CPU.Build.0 = Release|Any CPU
		{B6C43E31-2F1A-427A-8B58-3280F209F674}.Debug|Any CPU.ActiveCfg = Debug|Any CPU
		{B6C43E31-2F1A-427A-8B58-3280F209F674}.Debug|Any CPU.Build.0 = Debug|Any CPU
		{B6C43E31-2F1A-427A-8B58-3280F209F674}.Release|Any CPU.ActiveCfg = Release|Any CPU
		{B6C43E31-2F1A-427A-8B58-3280F209F674}.Release|Any CPU.Build.0 = Release|Any CPU
		{42943423-F156-414E-A328-CC5D78C42148}.Debug|Any CPU.ActiveCfg = Debug|Any CPU
		{42943423-F156-414E-A328-CC5D78C42148}.Debug|Any CPU.Build.0 = Debug|Any CPU
		{42943423-F156-414E-A328-CC5D78C42148}.Release|Any CPU.ActiveCfg = Release|Any CPU
		{42943423-F156-414E-A328-CC5D78C42148}.Release|Any CPU.Build.0 = Release|Any CPU
		{8BBF5F13-08F4-4347-A9A4-A832A37FDA03}.Debug|Any CPU.ActiveCfg = Debug|Any CPU
		{8BBF5F13-08F4-4347-A9A4-A832A37FDA03}.Debug|Any CPU.Build.0 = Debug|Any CPU
		{8BBF5F13-08F4-4347-A9A4-A832A37FDA03}.Release|Any CPU.ActiveCfg = Release|Any CPU
		{8BBF5F13-08F4-4347-A9A4-A832A37FDA03}.Release|Any CPU.Build.0 = Release|Any CPU
	EndGlobalSection
EndGlobal
